
Microsoft Visual Studio Solution File, Format Version 12.00
# Visual Studio Version 17
VisualStudioVersion = 17.0.32112.339
MinimumVisualStudioVersion = 10.0.40219.1
Project("{FAE04EC0-301F-11D3-BF4B-00C04F79EFBC}") = "Server", "Server.csproj", "{1EFA0EF2-B744-4106-925E-880023DD94FE}"
EndProject
Project("{FAE04EC0-301F-11D3-BF4B-00C04F79EFBC}") = "Client", "Client\Client.csproj", "{F083FBF8-9A59-40AF-AD04-41E1811E273C}"
EndProject
Global
	GlobalSection(SolutionConfigurationPlatforms) = preSolution
		Debug|Any CPU = Debug|Any CPU
		Release|Any CPU = Release|Any CPU
	EndGlobalSection
	GlobalSection(ProjectConfigurationPlatforms) = postSolution
		{1EFA0EF2-B744-4106-925E-880023DD94FE}.Debug|Any CPU.ActiveCfg = Debug|Any CPU
		{1EFA0EF2-B744-4106-925E-880023DD94FE}.Debug|Any CPU.Build.0 = Debug|Any CPU
		{1EFA0EF2-B744-4106-925E-880023DD94FE}.Release|Any CPU.ActiveCfg = Release|Any CPU
		{1EFA0EF2-B744-4106-925E-880023DD94FE}.Release|Any CPU.Build.0 = Release|Any CPU
		{F083FBF8-9A59-40AF-AD04-41E1811E273C}.Debug|Any CPU.ActiveCfg = Debug|Any CPU
		{F083FBF8-9A59-40AF-AD04-41E1811E273C}.Debug|Any CPU.Build.0 = Debug|Any CPU
		{F083FBF8-9A59-40AF-AD04-41E1811E273C}.Release|Any CPU.ActiveCfg = Release|Any CPU
		{F083FBF8-9A59-40AF-AD04-41E1811E273C}.Release|Any CPU.Build.0 = Release|Any CPU
	EndGlobalSection
	GlobalSection(SolutionProperties) = preSolution
		HideSolutionNode = FALSE
	EndGlobalSection
	GlobalSection(ExtensibilityGlobals) = postSolution
		SolutionGuid = {5FA946DB-FC87-4FFB-A054-6B96CE509408}
	EndGlobalSection
EndGlobal
